#
# This file is autogenerated by uv; do not manually edit.
#
# To update, run:
#
#    uv pip compile --generate-hashes requirements.txt -o requirements.lock
#

asteval==0.9.32 \
    --hash=sha256:3515af3e4b0a9678c2e97c02c13a957c06249e59a5c21cf5ed9fc6c6f18d6e47 \
    --hash=sha256:43e0f00da827e9688f6e85b41b4cf3c6a65a7a9be5f0efc1d28dbe65de2e4065
certifi==2024.8.30 \
    --hash=sha256:922820b53db7a7257ffcc1a856d40b558c53fd392f00d8049eda41e5be12271f \
    --hash=sha256:bec941d2aa8195e248a60b3ff9df9f8d230eb125a6acb97c733a0af5ab9810e5
charset-normalizer==3.4.0 \
    --hash=sha256:06cf46bdff72f80572ecee313aa841e2ca6bcdcedadf119d2482b73ce0dba5ff \
    --hash=sha256:e1a90273b584f06e68a39b6d04c8c3e4d7ead7c3ec5b7e7af7a1976b1b0a3e9e
checkov==3.2.95 \
    --hash=sha256:159ead9ca3bb8cf08881d1c8325d1d91b7ad9e0e2c6e3d5c8cd8f51e0c5d7e8a \
    --hash=sha256:2eb8e3c6c8c3a8c0c5c8c3d8c0b5c8c3a5c8c3b8c3c8c3a5c8c3b8c3c8c3a5
idna==3.10 \
    --hash=sha256:12f65c9b470abda6dc08787928b7cd46d0c9a63fd84aa5ec3a11fe4edc23e01e \
    --hash=sha256:946d6925f2e3f6a60c73aef3f0dc1c5a4ca3db3a0b1e2df0a0c3ce8c8c7a7a8d
jinja2==3.1.5 \
    --hash=sha256:29b1b8a941e2de5da5e9da26c53651caf1fc75057b7b6b40540b1f19e61f0e5c \
    --hash=sha256:d0dfa0c15f6db4b92089c6522cde4fcb12ab2371bea557e289ca3adc35159c4e
markupsafe==3.0.1 \
    --hash=sha256:3fd4abcb888d15a94f32b75d8fd18ee62ca0e541ceffe69ba9fc1d9c0ea82991 \
    --hash=sha256:bef592e9c0efdcc1d1c3b2e2eom09f979ba56df0b2914e58c4076d1dd0f7a632
pyyaml==6.0.2 \
    --hash=sha256:01b45c0245e386db4af60b43d696e1d218176141b1e26bad56ad327fcd6135ec \
    --hash=sha256:592766c6303207a20efc445587778322d7f470cobc565b1e151ea0e1d287bc3d
python-hcl2==4.3.6 \
    --hash=sha256:a2db3e6f1bc686fa028a919f3e27dbc5d3ff5356bb73f01e3f75c34f3eb7be0b \
    --hash=sha256:df8c2b6c8e0c0c5a8c3b8e0c5a8c3b8e0c5a8c3b8e0c5a8c3b8e0c5a8c3b8e0
requests==2.32.3 \
    --hash=sha256:55585c5eb3b46f2ee4b01e5fe74b31f8fb0f4346c17290ecb4e02f5b8b09b681 \
    --hash=sha256:70761cfe03c773d0899426a92e5e77c1a2fbb88813c53929ca51f4add822bc3c
urllib3==2.2.3 \
    --hash=sha256:48e7fafa40319d358848e1bc458b08f02d2ced915eb3a60ed4404afe7f8ccf20 \
    --hash=sha256:a7acd0977125325f516bda9735c6142c2c5efb49ae51c1a1918f562dc30d4d4b
